# This file is generated by running "yarn install" inside your project.
# Manual changes might be lost - proceed with caution!

__metadata:
  version: 8
  cacheKey: 10c0

"encoding@npm:^0.1.11":
  version: 0.1.12
  resolution: "encoding@npm:0.1.12"
  dependencies:
    iconv-lite: "npm:~0.4.13"
  checksum: 10c0/1d0daefb259fb0c97b90baa7f98ea9bb3916a1aef39e21c2888a1602fb616fcd422db6e6281839dc7ff32c1db7448bcd258954d37d4f0e5f1503357db0793ee6
  languageName: node
  linkType: hard

"es6-promise@npm:^3.0.2":
  version: 3.3.1
  resolution: "es6-promise@npm:3.3.1"
  checksum: 10c0/b4fc87cb8509c001f62f860f97b05d1fd3f87220c8b832578e6a483c719ca272b73a77f2231cb26395fa865e1cab2fd4298ab67786b69e97b8d757b938f4fc1f
  languageName: node
  linkType: hard

"etag@npm:^1.0.0":
  version: 1.7.0
  resolution: "etag@npm:1.7.0"
  checksum: 10c0/e3de5e397ffca8b56813a0abec955c97f07a186d31e0aa4920effe7ff2d806e77931c43da2b1f06c99eaeee160c2c904d177ff82a2dcc8f1849f3ae76fa9fee2
  languageName: node
  linkType: hard

"fetch-factory@npm:^0.0.1":
  version: 0.0.1
  resolution: "fetch-factory@npm:0.0.1"
  dependencies:
    es6-promise: "npm:^3.0.2"
    isomorphic-fetch: "npm:^2.1.1"
    lodash: "npm:^3.10.1"
  checksum: 10c0/e126fa9e848fb3c9a8ace10500864fe9bc492cc2bd800be4eb48aaf47005e5563d1034e8c6e15c697b25e5e6af2a858f9e71ae3475ea0a01bcfc2bdfccc874e0
  languageName: node
  linkType: hard

"iconv-lite@npm:~0.4.13":
  version: 0.4.15
  resolution: "iconv-lite@npm:0.4.15"
  checksum: 10c0/25699b635722175ee6fa5e07872b1ee71d25d5f2fd800b6f9384cc3455a829a53e5a6bbbc946b6db5c6b707abdf5fcdba623aa29cf3ddc69c097e0f181202726
  languageName: node
  linkType: hard

"is-stream@npm:^1.0.1":
  version: 1.1.0
  resolution: "is-stream@npm:1.1.0"
  checksum: 10c0/b8ae7971e78d2e8488d15f804229c6eed7ed36a28f8807a1815938771f4adff0e705218b7dab968270433f67103e4fef98062a0beea55d64835f705ee72c7002
  languageName: node
  linkType: hard

"isomorphic-fetch@npm:^2.1.1":
  version: 2.2.1
  resolution: "isomorphic-fetch@npm:2.2.1"
  dependencies:
    node-fetch: "npm:^1.0.1"
    whatwg-fetch: "npm:>=0.10.0"
  checksum: 10c0/ea9fd37d31ec7b35b82180e1946d4a2f512506d0559fa567ec6ee6701ff1c6d924be90e75499c50982274b707e03ecd9eaa21d618872dd0deff530e4c3bdb074
  languageName: node
  linkType: hard

"lodash@npm:^3.10.1":
  version: 3.10.1
  resolution: "lodash@npm:3.10.1"
  checksum: 10c0/f5f6d3d87503c3f1db27d49b30a00bb38dc1bd9de716c5febe8970259cc7b447149a0e320452ccaf5996a7a4abd63d94df341bb91bd8d336584ad518d8eab144
  languageName: node
  linkType: hard

"lodash@npm:^4.18.1":
  version: 4.18.1
  resolution: "lodash@npm:4.18.1"
  checksum: 10c0/757228fc68805c59789e82185135cf85f05d0b2d3d54631d680ca79ec21944ec8314d4533639a14b8bcfbd97a517e78960933041a5af17ecb693ec6eecb99a27
  languageName: node
  linkType: hard

"node-fetch@npm:^1.0.1":
  version: 1.6.3
  resolution: "node-fetch@npm:1.6.3"
  dependencies:
    encoding: "npm:^0.1.11"
    is-stream: "npm:^1.0.1"
  checksum: 10c0/e95f5591224e1b42a7ab3ca56e7b98e171509087e515b744af2e19aace774692b15d7621eac16b4a3b7453ba243387feb7e8c7491ed6833be10566f6f8c0300c
  languageName: node
  linkType: hard

"whatwg-fetch@npm:>=0.10.0":
  version: 2.0.2
  resolution: "whatwg-fetch@npm:2.0.2"
  checksum: 10c0/a6ab825cc963367f3bf19a53d033d448fe9a289f531ae31ee1de0972b590d87ab0a279301dd8e6c686c7ef4ec1bc763ba1432ff1f158b9b76bef53f2fc4a37ec
  languageName: node
  linkType: hard

"{{ name }}@workspace:.":
  version: 0.0.0-use.local
  resolution: "{{ name }}@workspace:."
  dependencies:
    etag: "npm:^1.0.0"
    fetch-factory: "npm:^0.0.1"
    lodash: "npm:^4.18.1"
  languageName: unknown
  linkType: soft
